
Microsoft Visual Studio Solution File, Format Version 12.00
# Visual Studio Version 16
VisualStudioVersion = 16.0.30621.155
MinimumVisualStudioVersion = 10.0.40219.1
Project("{FAE04EC0-301F-11D3-BF4B-00C04F79EFBC}") = "ConsoleAppEFDatabaseFirst", "ConsoleAppEFDatabaseFirst\ConsoleAppEFDatabaseFirst.csproj", "{0852722C-1F77-4FCE-80F1-5F2E87BFF9CB}"
EndProject
Global
	GlobalSection(SolutionConfigurationPlatforms) = preSolution
		Debug|Any CPU = Debug|Any CPU
		Release|Any CPU = Release|Any CPU
	EndGlobalSection
	GlobalSection(ProjectConfigurationPlatforms) = postSolution
		{0852722C-1F77-4FCE-80F1-5F2E87BFF9CB}.Debug|Any CPU.ActiveCfg = Debug|Any CPU
		{0852722C-1F77-4FCE-80F1-5F2E87BFF9CB}.Debug|Any CPU.Build.0 = Debug|Any CPU
		{0852722C-1F77-4FCE-80F1-5F2E87BFF9CB}.Release|Any CPU.ActiveCfg = Release|Any CPU
		{0852722C-1F77-4FCE-80F1-5F2E87BFF9CB}.Release|Any CPU.Build.0 = Release|Any CPU
	EndGlobalSection
	GlobalSection(SolutionProperties) = preSolution
		HideSolutionNode = FALSE
	EndGlobalSection
	GlobalSection(ExtensibilityGlobals) = postSolution
		SolutionGuid = {0BAC7B00-5F05-4E90-9FE0-EEBC8F489672}
	EndGlobalSection
EndGlobal
